
Microsoft Visual Studio Solution File, Format Version 12.00
# Visual Studio Version 16
VisualStudioVersion = 16.0.29418.71
MinimumVisualStudioVersion = 10.0.40219.1
Project("{9A19103F-16F7-4668-BE54-9A1E7A4F7556}") = "MasCotas.common", "MasCotas.common\MasCotas.common.csproj", "{D4AC331B-C68D-46BE-B792-4A58F09EF948}"
EndProject
Project("{FAE04EC0-301F-11D3-BF4B-00C04F79EFBC}") = "MasCotas.web", "MasCotas.web\MasCotas.web.csproj", "{E4F793F8-5E2E-4F15-99ED-9F391DA8C6D5}"
EndProject
Global
	GlobalSection(SolutionConfigurationPlatforms) = preSolution
		Debug|Any CPU = Debug|Any CPU
		Release|Any CPU = Release|Any CPU
	EndGlobalSection
	GlobalSection(ProjectConfigurationPlatforms) = postSolution
		{D4AC331B-C68D-46BE-B792-4A58F09EF948}.Debug|Any CPU.ActiveCfg = Debug|Any CPU
		{D4AC331B-C68D-46BE-B792-4A58F09EF948}.Debug|Any CPU.Build.0 = Debug|Any CPU
		{D4AC331B-C68D-46BE-B792-4A58F09EF948}.Release|Any CPU.ActiveCfg = Release|Any CPU
		{D4AC331B-C68D-46BE-B792-4A58F09EF948}.Release|Any CPU.Build.0 = Release|Any CPU
		{E4F793F8-5E2E-4F15-99ED-9F391DA8C6D5}.Debug|Any CPU.ActiveCfg = Debug|Any CPU
		{E4F793F8-5E2E-4F15-99ED-9F391DA8C6D5}.Debug|Any CPU.Build.0 = Debug|Any CPU
		{E4F793F8-5E2E-4F15-99ED-9F391DA8C6D5}.Release|Any CPU.ActiveCfg = Release|Any CPU
		{E4F793F8-5E2E-4F15-99ED-9F391DA8C6D5}.Release|Any CPU.Build.0 = Release|Any CPU
	EndGlobalSection
	GlobalSection(SolutionProperties) = preSolution
		HideSolutionNode = FALSE
	EndGlobalSection
	GlobalSection(ExtensibilityGlobals) = postSolution
		SolutionGuid = {59104FA1-E26E-4E7E-92AC-52D3C7D10629}
	EndGlobalSection
EndGlobal
